
Microsoft Visual Studio Solution File, Format Version 12.00
# Visual Studio Version 16
VisualStudioVersion = 16.0.31702.278
MinimumVisualStudioVersion = 10.0.40219.1
Project("{FAE04EC0-301F-11D3-BF4B-00C04F79EFBC}") = "zombie shooter game", "zombie shooter game\zombie shooter game.csproj", "{D27EE47D-332B-45AE-B007-B29DC4531874}"
EndProject
Global
	GlobalSection(SolutionConfigurationPlatforms) = preSolution
		Debug|Any CPU = Debug|Any CPU
		Release|Any CPU = Release|Any CPU
	EndGlobalSection
	GlobalSection(ProjectConfigurationPlatforms) = postSolution
		{D27EE47D-332B-45AE-B007-B29DC4531874}.Debug|Any CPU.ActiveCfg = Debug|Any CPU
		{D27EE47D-332B-45AE-B007-B29DC4531874}.Debug|Any CPU.Build.0 = Debug|Any CPU
		{D27EE47D-332B-45AE-B007-B29DC4531874}.Release|Any CPU.ActiveCfg = Release|Any CPU
		{D27EE47D-332B-45AE-B007-B29DC4531874}.Release|Any CPU.Build.0 = Release|Any CPU
	EndGlobalSection
	GlobalSection(SolutionProperties) = preSolution
		HideSolutionNode = FALSE
	EndGlobalSection
	GlobalSection(ExtensibilityGlobals) = postSolution
		SolutionGuid = {85064B9E-ACC4-41E9-8884-F48CBB3D16A6}
	EndGlobalSection
EndGlobal
